
Microsoft Visual Studio Solution File, Format Version 12.00
# Visual Studio Version 17
VisualStudioVersion = 17.13.35919.96
MinimumVisualStudioVersion = 10.0.40219.1
Project("{2150E333-8FDC-42A3-9474-1A3956D46DE8}") = "Services", "Services", "{02EA681E-C7D8-13C7-8484-4AC65E1B71E8}"
EndProject
Project("{2150E333-8FDC-42A3-9474-1A3956D46DE8}") = "Gateways", "Gateways", "{0EBBB447-B21D-4745-B76C-6A3812171D9D}"
EndProject
Project("{2150E333-8FDC-42A3-9474-1A3956D46DE8}") = "Integrations", "Integrations", "{B5708719-DF05-483E-8404-14AF46F2D187}"
EndProject
Project("{2150E333-8FDC-42A3-9474-1A3956D46DE8}") = "Shares", "Shares", "{D23F1BE6-C0B5-4BC4-93EB-8AA27D91E51B}"
EndProject
Project("{FAE04EC0-301F-11D3-BF4B-00C04F79EFBC}") = "Shares.SystemConfig", "Shares\Shares.SystemConfig\Shares.SystemConfig.csproj", "{59CE971B-80BF-4DA3-94A1-5127EACE7690}"
EndProject
Project("{FAE04EC0-301F-11D3-BF4B-00C04F79EFBC}") = "Gateways.Ocelot", "Gateways\Gateways.Ocelot\Gateways.Ocelot.csproj", "{2B6C18CB-FEE1-D526-39E6-F08F01C5E81C}"
EndProject
Project("{FAE04EC0-301F-11D3-BF4B-00C04F79EFBC}") = "Integrations.JobSchedule", "Integrations\Integrations.JobSchedule\Integrations.JobSchedule.csproj", "{C55C9476-0541-862C-0875-6F0D2266619C}"
EndProject
Project("{FAE04EC0-301F-11D3-BF4B-00C04F79EFBC}") = "Integrations.Messaging", "Integrations.Messaging\Integrations.Messaging.csproj", "{C3BB1398-1648-465F-99B8-07EAE318B1DB}"
EndProject
Project("{2150E333-8FDC-42A3-9474-1A3956D46DE8}") = "Orders", "Orders", "{0BE8E1F0-CA5C-47A1-8FF7-83B86EDA92BD}"
EndProject
Project("{FAE04EC0-301F-11D3-BF4B-00C04F79EFBC}") = "Orders.API", "Services\Orders\Orders.API\Orders.API.csproj", "{86244958-2E18-49D5-8A21-5096AAEBE664}"
EndProject
Project("{FAE04EC0-301F-11D3-BF4B-00C04F79EFBC}") = "Orders.Application", "Services\Orders\Orders.Application\Orders.Application.csproj", "{7EDF329B-26DF-4907-B6AA-CDDB363A6B13}"
EndProject
Project("{FAE04EC0-301F-11D3-BF4B-00C04F79EFBC}") = "Orders.Domain", "Services\Orders\Orders.Domain\Orders.Domain.csproj", "{A572E754-BDA4-4CC5-9F61-521882CE3E6B}"
EndProject
Project("{FAE04EC0-301F-11D3-BF4B-00C04F79EFBC}") = "Orders.Infrastructure", "Orders.Infrastructure\Orders.Infrastructure.csproj", "{45A5AD48-38C6-4F5D-B16C-97461E5BB5EE}"
EndProject
Project("{E53339B2-1760-4266-BCC7-CA923CBCF16C}") = "docker-compose", "docker-compose.dcproj", "{81DDED9D-158B-E303-5F62-77A2896D2A5A}"
EndProject
Project("{FAE04EC0-301F-11D3-BF4B-00C04F79EFBC}") = "Orders.Messaging", "Services\Orders\Orders.Messaging\Orders.Messaging.csproj", "{7923794D-0B48-4E2B-998B-724FFBA08EBB}"
EndProject
Project("{2150E333-8FDC-42A3-9474-1A3956D46DE8}") = "Payment", "Payment", "{AE98B585-5259-4621-B083-92DC8CD3C1D4}"
EndProject
Project("{FAE04EC0-301F-11D3-BF4B-00C04F79EFBC}") = "Payment.API", "Services\Payment\Payment.API\Payment.API.csproj", "{B27B6C9A-5326-4E9A-9D70-D185D65483F2}"
EndProject
Project("{FAE04EC0-301F-11D3-BF4B-00C04F79EFBC}") = "Payment.Messaging", "Services\Payment\Payment.Messaging\Payment.Messaging.csproj", "{B538E4F3-1D10-4844-866C-867BF4FFB0C4}"
EndProject
Project("{2150E333-8FDC-42A3-9474-1A3956D46DE8}") = "Auth", "Auth", "{761D2663-929F-406B-8FA2-03CA450B09B0}"
EndProject
Project("{FAE04EC0-301F-11D3-BF4B-00C04F79EFBC}") = "Auth.API", "Services\Auth\Auth.API\Auth.API.csproj", "{64BB76ED-E603-452A-A1E0-0066DC3A744A}"
EndProject
Global
	GlobalSection(SolutionConfigurationPlatforms) = preSolution
		Debug|Any CPU = Debug|Any CPU
		Release|Any CPU = Release|Any CPU
	EndGlobalSection
	GlobalSection(ProjectConfigurationPlatforms) = postSolution
		{59CE971B-80BF-4DA3-94A1-5127EACE7690}.Debug|Any CPU.ActiveCfg = Debug|Any CPU
		{59CE971B-80BF-4DA3-94A1-5127EACE7690}.Debug|Any CPU.Build.0 = Debug|Any CPU
		{59CE971B-80BF-4DA3-94A1-5127EACE7690}.Release|Any CPU.ActiveCfg = Release|Any CPU
		{59CE971B-80BF-4DA3-94A1-5127EACE7690}.Release|Any CPU.Build.0 = Release|Any CPU
		{2B6C18CB-FEE1-D526-39E6-F08F01C5E81C}.Debug|Any CPU.ActiveCfg = Debug|Any CPU
		{2B6C18CB-FEE1-D526-39E6-F08F01C5E81C}.Debug|Any CPU.Build.0 = Debug|Any CPU
		{2B6C18CB-FEE1-D526-39E6-F08F01C5E81C}.Release|Any CPU.ActiveCfg = Release|Any CPU
		{2B6C18CB-FEE1-D526-39E6-F08F01C5E81C}.Release|Any CPU.Build.0 = Release|Any CPU
		{C55C9476-0541-862C-0875-6F0D2266619C}.Debug|Any CPU.ActiveCfg = Debug|Any CPU
		{C55C9476-0541-862C-0875-6F0D2266619C}.Debug|Any CPU.Build.0 = Debug|Any CPU
		{C55C9476-0541-862C-0875-6F0D2266619C}.Release|Any CPU.ActiveCfg = Release|Any CPU
		{C55C9476-0541-862C-0875-6F0D2266619C}.Release|Any CPU.Build.0 = Release|Any CPU
		{C3BB1398-1648-465F-99B8-07EAE318B1DB}.Debug|Any CPU.ActiveCfg = Debug|Any CPU
		{C3BB1398-1648-465F-99B8-07EAE318B1DB}.Debug|Any CPU.Build.0 = Debug|Any CPU
		{C3BB1398-1648-465F-99B8-07EAE318B1DB}.Release|Any CPU.ActiveCfg = Release|Any CPU
		{C3BB1398-1648-465F-99B8-07EAE318B1DB}.Release|Any CPU.Build.0 = Release|Any CPU
		{86244958-2E18-49D5-8A21-5096AAEBE664}.Debug|Any CPU.ActiveCfg = Debug|Any CPU
		{86244958-2E18-49D5-8A21-5096AAEBE664}.Debug|Any CPU.Build.0 = Debug|Any CPU
		{86244958-2E18-49D5-8A21-5096AAEBE664}.Release|Any CPU.ActiveCfg = Release|Any CPU
		{86244958-2E18-49D5-8A21-5096AAEBE664}.Release|Any CPU.Build.0 = Release|Any CPU
		{7EDF329B-26DF-4907-B6AA-CDDB363A6B13}.Debug|Any CPU.ActiveCfg = Debug|Any CPU
		{7EDF329B-26DF-4907-B6AA-CDDB363A6B13}.Debug|Any CPU.Build.0 = Debug|Any CPU
		{7EDF329B-26DF-4907-B6AA-CDDB363A6B13}.Release|Any CPU.ActiveCfg = Release|Any CPU
		{7EDF329B-26DF-4907-B6AA-CDDB363A6B13}.Release|Any CPU.Build.0 = Release|Any CPU
		{A572E754-BDA4-4CC5-9F61-521882CE3E6B}.Debug|Any CPU.ActiveCfg = Debug|Any CPU
		{A572E754-BDA4-4CC5-9F61-521882CE3E6B}.Debug|Any CPU.Build.0 = Debug|Any CPU
		{A572E754-BDA4-4CC5-9F61-521882CE3E6B}.Release|Any CPU.ActiveCfg = Release|Any CPU
		{A572E754-BDA4-4CC5-9F61-521882CE3E6B}.Release|Any CPU.Build.0 = Release|Any CPU
		{45A5AD48-38C6-4F5D-B16C-97461E5BB5EE}.Debug|Any CPU.ActiveCfg = Debug|Any CPU
		{45A5AD48-38C6-4F5D-B16C-97461E5BB5EE}.Debug|Any CPU.Build.0 = Debug|Any CPU
		{45A5AD48-38C6-4F5D-B16C-97461E5BB5EE}.Release|Any CPU.ActiveCfg = Release|Any CPU
		{45A5AD48-38C6-4F5D-B16C-97461E5BB5EE}.Release|Any CPU.Build.0 = Release|Any CPU
		{81DDED9D-158B-E303-5F62-77A2896D2A5A}.Debug|Any CPU.ActiveCfg = Debug|Any CPU
		{81DDED9D-158B-E303-5F62-77A2896D2A5A}.Debug|Any CPU.Build.0 = Debug|Any CPU
		{81DDED9D-158B-E303-5F62-77A2896D2A5A}.Release|Any CPU.ActiveCfg = Release|Any CPU
		{81DDED9D-158B-E303-5F62-77A2896D2A5A}.Release|Any CPU.Build.0 = Release|Any CPU
		{7923794D-0B48-4E2B-998B-724FFBA08EBB}.Debug|Any CPU.ActiveCfg = Debug|Any CPU
		{7923794D-0B48-4E2B-998B-724FFBA08EBB}.Debug|Any CPU.Build.0 = Debug|Any CPU
		{7923794D-0B48-4E2B-998B-724FFBA08EBB}.Release|Any CPU.ActiveCfg = Release|Any CPU
		{7923794D-0B48-4E2B-998B-724FFBA08EBB}.Release|Any CPU.Build.0 = Release|Any CPU
		{B27B6C9A-5326-4E9A-9D70-D185D65483F2}.Debug|Any CPU.ActiveCfg = Debug|Any CPU
		{B27B6C9A-5326-4E9A-9D70-D185D65483F2}.Debug|Any CPU.Build.0 = Debug|Any CPU
		{B27B6C9A-5326-4E9A-9D70-D185D65483F2}.Release|Any CPU.ActiveCfg = Release|Any CPU
		{B27B6C9A-5326-4E9A-9D70-D185D65483F2}.Release|Any CPU.Build.0 = Release|Any CPU
		{B538E4F3-1D10-4844-866C-867BF4FFB0C4}.Debug|Any CPU.ActiveCfg = Debug|Any CPU
		{B538E4F3-1D10-4844-866C-867BF4FFB0C4}.Debug|Any CPU.Build.0 = Debug|Any CPU
		{B538E4F3-1D10-4844-866C-867BF4FFB0C4}.Release|Any CPU.ActiveCfg = Release|Any CPU
		{B538E4F3-1D10-4844-866C-867BF4FFB0C4}.Release|Any CPU.Build.0 = Release|Any CPU
		{64BB76ED-E603-452A-A1E0-0066DC3A744A}.Debug|Any CPU.ActiveCfg = Debug|Any CPU
		{64BB76ED-E603-452A-A1E0-0066DC3A744A}.Debug|Any CPU.Build.0 = Debug|Any CPU
		{64BB76ED-E603-452A-A1E0-0066DC3A744A}.Release|Any CPU.ActiveCfg = Release|Any CPU
		{64BB76ED-E603-452A-A1E0-0066DC3A744A}.Release|Any CPU.Build.0 = Release|Any CPU
	EndGlobalSection
	GlobalSection(SolutionProperties) = preSolution
		HideSolutionNode = FALSE
	EndGlobalSection
	GlobalSection(NestedProjects) = preSolution
		{59CE971B-80BF-4DA3-94A1-5127EACE7690} = {D23F1BE6-C0B5-4BC4-93EB-8AA27D91E51B}
		{2B6C18CB-FEE1-D526-39E6-F08F01C5E81C} = {0EBBB447-B21D-4745-B76C-6A3812171D9D}
		{C55C9476-0541-862C-0875-6F0D2266619C} = {B5708719-DF05-483E-8404-14AF46F2D187}
		{C3BB1398-1648-465F-99B8-07EAE318B1DB} = {B5708719-DF05-483E-8404-14AF46F2D187}
		{0BE8E1F0-CA5C-47A1-8FF7-83B86EDA92BD} = {02EA681E-C7D8-13C7-8484-4AC65E1B71E8}
		{86244958-2E18-49D5-8A21-5096AAEBE664} = {0BE8E1F0-CA5C-47A1-8FF7-83B86EDA92BD}
		{7EDF329B-26DF-4907-B6AA-CDDB363A6B13} = {0BE8E1F0-CA5C-47A1-8FF7-83B86EDA92BD}
		{A572E754-BDA4-4CC5-9F61-521882CE3E6B} = {0BE8E1F0-CA5C-47A1-8FF7-83B86EDA92BD}
		{45A5AD48-38C6-4F5D-B16C-97461E5BB5EE} = {0BE8E1F0-CA5C-47A1-8FF7-83B86EDA92BD}
		{7923794D-0B48-4E2B-998B-724FFBA08EBB} = {0BE8E1F0-CA5C-47A1-8FF7-83B86EDA92BD}
		{AE98B585-5259-4621-B083-92DC8CD3C1D4} = {02EA681E-C7D8-13C7-8484-4AC65E1B71E8}
		{B27B6C9A-5326-4E9A-9D70-D185D65483F2} = {AE98B585-5259-4621-B083-92DC8CD3C1D4}
		{B538E4F3-1D10-4844-866C-867BF4FFB0C4} = {AE98B585-5259-4621-B083-92DC8CD3C1D4}
		{761D2663-929F-406B-8FA2-03CA450B09B0} = {02EA681E-C7D8-13C7-8484-4AC65E1B71E8}
		{64BB76ED-E603-452A-A1E0-0066DC3A744A} = {761D2663-929F-406B-8FA2-03CA450B09B0}
	EndGlobalSection
	GlobalSection(ExtensibilityGlobals) = postSolution
		SolutionGuid = {370273B8-38D7-4273-8121-CB3D639B8F66}
	EndGlobalSection
EndGlobal
