
Microsoft Visual Studio Solution File, Format Version 12.00
# Visual Studio Version 17
VisualStudioVersion = 17.13.35919.96
MinimumVisualStudioVersion = 10.0.40219.1
Project("{2150E333-8FDC-42A3-9474-1A3956D46DE8}") = "Services", "Services", "{02EA681E-C7D8-13C7-8484-4AC65E1B71E8}"
EndProject
Project("{2150E333-8FDC-42A3-9474-1A3956D46DE8}") = "Gateways", "Gateways", "{0EBBB447-B21D-4745-B76C-6A3812171D9D}"
EndProject
Project("{2150E333-8FDC-42A3-9474-1A3956D46DE8}") = "Integrations", "Integrations", "{B5708719-DF05-483E-8404-14AF46F2D187}"
EndProject
Project("{2150E333-8FDC-42A3-9474-1A3956D46DE8}") = "Shares", "Shares", "{D23F1BE6-C0B5-4BC4-93EB-8AA27D91E51B}"
EndProject
Project("{FAE04EC0-301F-11D3-BF4B-00C04F79EFBC}") = "Services.AuthAPI", "Services\Services.AuthAPI\Services.AuthAPI.csproj", "{35BDD0D9-38EA-41D7-900B-161200766C68}"
EndProject
Project("{FAE04EC0-301F-11D3-BF4B-00C04F79EFBC}") = "Shares.SystemConfig", "Shares\Shares.SystemConfig\Shares.SystemConfig.csproj", "{59CE971B-80BF-4DA3-94A1-5127EACE7690}"
EndProject
Project("{FAE04EC0-301F-11D3-BF4B-00C04F79EFBC}") = "Gateways.Ocelot", "Gateways\Gateways.Ocelot\Gateways.Ocelot.csproj", "{2B6C18CB-FEE1-D526-39E6-F08F01C5E81C}"
EndProject
Project("{FAE04EC0-301F-11D3-BF4B-00C04F79EFBC}") = "Integrations.JobSchedule", "Integrations\Integrations.JobSchedule\Integrations.JobSchedule.csproj", "{C55C9476-0541-862C-0875-6F0D2266619C}"
EndProject
Project("{FAE04EC0-301F-11D3-BF4B-00C04F79EFBC}") = "Services.OrderAPI", "Services\Services.OrderAPI\Services.OrderAPI.csproj", "{0C46C32A-260F-40BB-B01C-B5E3643A0272}"
EndProject
Project("{FAE04EC0-301F-11D3-BF4B-00C04F79EFBC}") = "Shares.Base", "Shares\Shares.Base\Shares.Base.csproj", "{FC0BBCE4-59C2-4399-9391-2606D447174C}"
EndProject
Global
	GlobalSection(SolutionConfigurationPlatforms) = preSolution
		Debug|Any CPU = Debug|Any CPU
		Release|Any CPU = Release|Any CPU
	EndGlobalSection
	GlobalSection(ProjectConfigurationPlatforms) = postSolution
		{35BDD0D9-38EA-41D7-900B-161200766C68}.Debug|Any CPU.ActiveCfg = Debug|Any CPU
		{35BDD0D9-38EA-41D7-900B-161200766C68}.Debug|Any CPU.Build.0 = Debug|Any CPU
		{35BDD0D9-38EA-41D7-900B-161200766C68}.Release|Any CPU.ActiveCfg = Release|Any CPU
		{35BDD0D9-38EA-41D7-900B-161200766C68}.Release|Any CPU.Build.0 = Release|Any CPU
		{59CE971B-80BF-4DA3-94A1-5127EACE7690}.Debug|Any CPU.ActiveCfg = Debug|Any CPU
		{59CE971B-80BF-4DA3-94A1-5127EACE7690}.Debug|Any CPU.Build.0 = Debug|Any CPU
		{59CE971B-80BF-4DA3-94A1-5127EACE7690}.Release|Any CPU.ActiveCfg = Release|Any CPU
		{59CE971B-80BF-4DA3-94A1-5127EACE7690}.Release|Any CPU.Build.0 = Release|Any CPU
		{2B6C18CB-FEE1-D526-39E6-F08F01C5E81C}.Debug|Any CPU.ActiveCfg = Debug|Any CPU
		{2B6C18CB-FEE1-D526-39E6-F08F01C5E81C}.Debug|Any CPU.Build.0 = Debug|Any CPU
		{2B6C18CB-FEE1-D526-39E6-F08F01C5E81C}.Release|Any CPU.ActiveCfg = Release|Any CPU
		{2B6C18CB-FEE1-D526-39E6-F08F01C5E81C}.Release|Any CPU.Build.0 = Release|Any CPU
		{C55C9476-0541-862C-0875-6F0D2266619C}.Debug|Any CPU.ActiveCfg = Debug|Any CPU
		{C55C9476-0541-862C-0875-6F0D2266619C}.Debug|Any CPU.Build.0 = Debug|Any CPU
		{C55C9476-0541-862C-0875-6F0D2266619C}.Release|Any CPU.ActiveCfg = Release|Any CPU
		{C55C9476-0541-862C-0875-6F0D2266619C}.Release|Any CPU.Build.0 = Release|Any CPU
		{0C46C32A-260F-40BB-B01C-B5E3643A0272}.Debug|Any CPU.ActiveCfg = Debug|Any CPU
		{0C46C32A-260F-40BB-B01C-B5E3643A0272}.Debug|Any CPU.Build.0 = Debug|Any CPU
		{0C46C32A-260F-40BB-B01C-B5E3643A0272}.Release|Any CPU.ActiveCfg = Release|Any CPU
		{0C46C32A-260F-40BB-B01C-B5E3643A0272}.Release|Any CPU.Build.0 = Release|Any CPU
		{FC0BBCE4-59C2-4399-9391-2606D447174C}.Debug|Any CPU.ActiveCfg = Debug|Any CPU
		{FC0BBCE4-59C2-4399-9391-2606D447174C}.Debug|Any CPU.Build.0 = Debug|Any CPU
		{FC0BBCE4-59C2-4399-9391-2606D447174C}.Release|Any CPU.ActiveCfg = Release|Any CPU
		{FC0BBCE4-59C2-4399-9391-2606D447174C}.Release|Any CPU.Build.0 = Release|Any CPU
	EndGlobalSection
	GlobalSection(SolutionProperties) = preSolution
		HideSolutionNode = FALSE
	EndGlobalSection
	GlobalSection(NestedProjects) = preSolution
		{35BDD0D9-38EA-41D7-900B-161200766C68} = {02EA681E-C7D8-13C7-8484-4AC65E1B71E8}
		{59CE971B-80BF-4DA3-94A1-5127EACE7690} = {D23F1BE6-C0B5-4BC4-93EB-8AA27D91E51B}
		{2B6C18CB-FEE1-D526-39E6-F08F01C5E81C} = {0EBBB447-B21D-4745-B76C-6A3812171D9D}
		{C55C9476-0541-862C-0875-6F0D2266619C} = {B5708719-DF05-483E-8404-14AF46F2D187}
		{0C46C32A-260F-40BB-B01C-B5E3643A0272} = {02EA681E-C7D8-13C7-8484-4AC65E1B71E8}
		{FC0BBCE4-59C2-4399-9391-2606D447174C} = {D23F1BE6-C0B5-4BC4-93EB-8AA27D91E51B}
	EndGlobalSection
	GlobalSection(ExtensibilityGlobals) = postSolution
		SolutionGuid = {370273B8-38D7-4273-8121-CB3D639B8F66}
	EndGlobalSection
EndGlobal
