
Microsoft Visual Studio Solution File, Format Version 12.00
# Visual Studio Version 17
VisualStudioVersion = 17.13.35919.96
MinimumVisualStudioVersion = 10.0.40219.1
Project("{2150E333-8FDC-42A3-9474-1A3956D46DE8}") = "Services", "Services", "{02EA681E-C7D8-13C7-8484-4AC65E1B71E8}"
EndProject
Project("{2150E333-8FDC-42A3-9474-1A3956D46DE8}") = "Gateways", "Gateways", "{0EBBB447-B21D-4745-B76C-6A3812171D9D}"
EndProject
Project("{2150E333-8FDC-42A3-9474-1A3956D46DE8}") = "Integrations", "Integrations", "{B5708719-DF05-483E-8404-14AF46F2D187}"
EndProject
Project("{2150E333-8FDC-42A3-9474-1A3956D46DE8}") = "Shares", "Shares", "{D23F1BE6-C0B5-4BC4-93EB-8AA27D91E51B}"
EndProject
Project("{2150E333-8FDC-42A3-9474-1A3956D46DE8}") = "VoucherAPI", "VoucherAPI", "{C291DF7D-85FC-1711-9EF4-8D79098A3FAA}"
EndProject
Project("{FAE04EC0-301F-11D3-BF4B-00C04F79EFBC}") = "Voucher.QueryAPI", "Services\VoucherAPI\Voucher.QueryAPI\Voucher.QueryAPI.csproj", "{CCED550A-4EA2-4099-B6E5-A32B213CCC6C}"
EndProject
Project("{FAE04EC0-301F-11D3-BF4B-00C04F79EFBC}") = "Shares.SystemConfig", "Shares\Shares.SystemConfig\Shares.SystemConfig.csproj", "{59CE971B-80BF-4DA3-94A1-5127EACE7690}"
EndProject
Project("{FAE04EC0-301F-11D3-BF4B-00C04F79EFBC}") = "Voucher.Application", "Services\VoucherAPI\Voucher.Application\Voucher.Application.csproj", "{3544550B-E55B-43B3-8A00-F4BE9F65AC02}"
EndProject
Project("{FAE04EC0-301F-11D3-BF4B-00C04F79EFBC}") = "Voucher.Infrastructure", "Services\VoucherAPI\Voucher.Infrastructure\Voucher.Infrastructure.csproj", "{2F618283-55F4-4379-BF0C-55E783BDF8FD}"
EndProject
Project("{FAE04EC0-301F-11D3-BF4B-00C04F79EFBC}") = "Voucher.Shared", "Services\VoucherAPI\Voucher.Shared\Voucher.Shared.csproj", "{41B37C83-159E-45B1-862D-2F0E0AD5DD06}"
EndProject
Project("{FAE04EC0-301F-11D3-BF4B-00C04F79EFBC}") = "Voucher.CommandAPI", "Services\VoucherAPI\Voucher.CommandAPI\Voucher.CommandAPI.csproj", "{C13B8CCE-BCC8-425D-A6F3-57761C46F859}"
EndProject
Project("{FAE04EC0-301F-11D3-BF4B-00C04F79EFBC}") = "Integrations.Messaging", "Integrations.Messaging\Integrations.Messaging.csproj", "{C3BB1398-1648-465F-99B8-07EAE318B1DB}"
EndProject
Project("{2150E333-8FDC-42A3-9474-1A3956D46DE8}") = "Orders", "Orders", "{0BE8E1F0-CA5C-47A1-8FF7-83B86EDA92BD}"
EndProject
Project("{FAE04EC0-301F-11D3-BF4B-00C04F79EFBC}") = "Orders.API", "Services\Orders\Orders.API\Orders.API.csproj", "{86244958-2E18-49D5-8A21-5096AAEBE664}"
EndProject
Project("{FAE04EC0-301F-11D3-BF4B-00C04F79EFBC}") = "Orders.Application", "Services\Orders\Orders.Application\Orders.Application.csproj", "{7EDF329B-26DF-4907-B6AA-CDDB363A6B13}"
EndProject
Project("{FAE04EC0-301F-11D3-BF4B-00C04F79EFBC}") = "Orders.Domain", "Services\Orders\Orders.Domain\Orders.Domain.csproj", "{A572E754-BDA4-4CC5-9F61-521882CE3E6B}"
EndProject
Project("{E53339B2-1760-4266-BCC7-CA923CBCF16C}") = "docker-compose", "docker-compose.dcproj", "{81DDED9D-158B-E303-5F62-77A2896D2A5A}"
EndProject
Project("{FAE04EC0-301F-11D3-BF4B-00C04F79EFBC}") = "Orders.Messaging", "Services\Orders\Orders.Messaging\Orders.Messaging.csproj", "{7923794D-0B48-4E2B-998B-724FFBA08EBB}"
EndProject
Project("{2150E333-8FDC-42A3-9474-1A3956D46DE8}") = "Payment", "Payment", "{AE98B585-5259-4621-B083-92DC8CD3C1D4}"
EndProject
Project("{FAE04EC0-301F-11D3-BF4B-00C04F79EFBC}") = "Payment.API", "Services\Payment\Payment.API\Payment.API.csproj", "{B27B6C9A-5326-4E9A-9D70-D185D65483F2}"
EndProject
Project("{FAE04EC0-301F-11D3-BF4B-00C04F79EFBC}") = "Payment.Messaging", "Services\Payment\Payment.Messaging\Payment.Messaging.csproj", "{B538E4F3-1D10-4844-866C-867BF4FFB0C4}"
EndProject
Project("{2150E333-8FDC-42A3-9474-1A3956D46DE8}") = "Auth", "Auth", "{761D2663-929F-406B-8FA2-03CA450B09B0}"
EndProject
Project("{FAE04EC0-301F-11D3-BF4B-00C04F79EFBC}") = "Auth.API", "Services\Auth\Auth.API\Auth.API.csproj", "{64BB76ED-E603-452A-A1E0-0066DC3A744A}"
EndProject
Project("{FAE04EC0-301F-11D3-BF4B-00C04F79EFBC}") = "Orders.Publisher", "Services\Orders\Orders.Publisher\Orders.Publisher.csproj", "{6D3941B9-58C2-4B71-B639-132403E4D854}"
EndProject
Project("{FAE04EC0-301F-11D3-BF4B-00C04F79EFBC}") = "Orders.Infrastructure", "Services\Orders\Orders.Infrastructure\Orders.Infrastructure.csproj", "{3F1A9B38-205C-FCDA-D7CA-985433341430}"
EndProject
Global
	GlobalSection(SolutionConfigurationPlatforms) = preSolution
		Debug|Any CPU = Debug|Any CPU
		Debug|x64 = Debug|x64
		Debug|x86 = Debug|x86
		Release|Any CPU = Release|Any CPU
		Release|x64 = Release|x64
		Release|x86 = Release|x86
	EndGlobalSection
	GlobalSection(ProjectConfigurationPlatforms) = postSolution
		{CCED550A-4EA2-4099-B6E5-A32B213CCC6C}.Debug|Any CPU.ActiveCfg = Debug|Any CPU
		{CCED550A-4EA2-4099-B6E5-A32B213CCC6C}.Debug|Any CPU.Build.0 = Debug|Any CPU
		{CCED550A-4EA2-4099-B6E5-A32B213CCC6C}.Debug|x64.ActiveCfg = Debug|Any CPU
		{CCED550A-4EA2-4099-B6E5-A32B213CCC6C}.Debug|x64.Build.0 = Debug|Any CPU
		{CCED550A-4EA2-4099-B6E5-A32B213CCC6C}.Debug|x86.ActiveCfg = Debug|Any CPU
		{CCED550A-4EA2-4099-B6E5-A32B213CCC6C}.Debug|x86.Build.0 = Debug|Any CPU
		{CCED550A-4EA2-4099-B6E5-A32B213CCC6C}.Release|Any CPU.ActiveCfg = Release|Any CPU
		{CCED550A-4EA2-4099-B6E5-A32B213CCC6C}.Release|Any CPU.Build.0 = Release|Any CPU
		{CCED550A-4EA2-4099-B6E5-A32B213CCC6C}.Release|x64.ActiveCfg = Release|Any CPU
		{CCED550A-4EA2-4099-B6E5-A32B213CCC6C}.Release|x64.Build.0 = Release|Any CPU
		{CCED550A-4EA2-4099-B6E5-A32B213CCC6C}.Release|x86.ActiveCfg = Release|Any CPU
		{CCED550A-4EA2-4099-B6E5-A32B213CCC6C}.Release|x86.Build.0 = Release|Any CPU
		{59CE971B-80BF-4DA3-94A1-5127EACE7690}.Debug|Any CPU.ActiveCfg = Debug|Any CPU
		{59CE971B-80BF-4DA3-94A1-5127EACE7690}.Debug|Any CPU.Build.0 = Debug|Any CPU
		{59CE971B-80BF-4DA3-94A1-5127EACE7690}.Debug|x64.ActiveCfg = Debug|Any CPU
		{59CE971B-80BF-4DA3-94A1-5127EACE7690}.Debug|x64.Build.0 = Debug|Any CPU
		{59CE971B-80BF-4DA3-94A1-5127EACE7690}.Debug|x86.ActiveCfg = Debug|Any CPU
		{59CE971B-80BF-4DA3-94A1-5127EACE7690}.Debug|x86.Build.0 = Debug|Any CPU
		{59CE971B-80BF-4DA3-94A1-5127EACE7690}.Release|Any CPU.ActiveCfg = Release|Any CPU
		{59CE971B-80BF-4DA3-94A1-5127EACE7690}.Release|Any CPU.Build.0 = Release|Any CPU
		{59CE971B-80BF-4DA3-94A1-5127EACE7690}.Release|x64.ActiveCfg = Release|Any CPU
		{59CE971B-80BF-4DA3-94A1-5127EACE7690}.Release|x64.Build.0 = Release|Any CPU
		{59CE971B-80BF-4DA3-94A1-5127EACE7690}.Release|x86.ActiveCfg = Release|Any CPU
		{59CE971B-80BF-4DA3-94A1-5127EACE7690}.Release|x86.Build.0 = Release|Any CPU
		{3544550B-E55B-43B3-8A00-F4BE9F65AC02}.Debug|Any CPU.ActiveCfg = Debug|Any CPU
		{3544550B-E55B-43B3-8A00-F4BE9F65AC02}.Debug|Any CPU.Build.0 = Debug|Any CPU
		{3544550B-E55B-43B3-8A00-F4BE9F65AC02}.Debug|x64.ActiveCfg = Debug|Any CPU
		{3544550B-E55B-43B3-8A00-F4BE9F65AC02}.Debug|x64.Build.0 = Debug|Any CPU
		{3544550B-E55B-43B3-8A00-F4BE9F65AC02}.Debug|x86.ActiveCfg = Debug|Any CPU
		{3544550B-E55B-43B3-8A00-F4BE9F65AC02}.Debug|x86.Build.0 = Debug|Any CPU
		{3544550B-E55B-43B3-8A00-F4BE9F65AC02}.Release|Any CPU.ActiveCfg = Release|Any CPU
		{3544550B-E55B-43B3-8A00-F4BE9F65AC02}.Release|Any CPU.Build.0 = Release|Any CPU
		{3544550B-E55B-43B3-8A00-F4BE9F65AC02}.Release|x64.ActiveCfg = Release|Any CPU
		{3544550B-E55B-43B3-8A00-F4BE9F65AC02}.Release|x64.Build.0 = Release|Any CPU
		{3544550B-E55B-43B3-8A00-F4BE9F65AC02}.Release|x86.ActiveCfg = Release|Any CPU
		{3544550B-E55B-43B3-8A00-F4BE9F65AC02}.Release|x86.Build.0 = Release|Any CPU
		{2F618283-55F4-4379-BF0C-55E783BDF8FD}.Debug|Any CPU.ActiveCfg = Debug|Any CPU
		{2F618283-55F4-4379-BF0C-55E783BDF8FD}.Debug|Any CPU.Build.0 = Debug|Any CPU
		{2F618283-55F4-4379-BF0C-55E783BDF8FD}.Debug|x64.ActiveCfg = Debug|Any CPU
		{2F618283-55F4-4379-BF0C-55E783BDF8FD}.Debug|x64.Build.0 = Debug|Any CPU
		{2F618283-55F4-4379-BF0C-55E783BDF8FD}.Debug|x86.ActiveCfg = Debug|Any CPU
		{2F618283-55F4-4379-BF0C-55E783BDF8FD}.Debug|x86.Build.0 = Debug|Any CPU
		{2F618283-55F4-4379-BF0C-55E783BDF8FD}.Release|Any CPU.ActiveCfg = Release|Any CPU
		{2F618283-55F4-4379-BF0C-55E783BDF8FD}.Release|Any CPU.Build.0 = Release|Any CPU
		{2F618283-55F4-4379-BF0C-55E783BDF8FD}.Release|x64.ActiveCfg = Release|Any CPU
		{2F618283-55F4-4379-BF0C-55E783BDF8FD}.Release|x64.Build.0 = Release|Any CPU
		{2F618283-55F4-4379-BF0C-55E783BDF8FD}.Release|x86.ActiveCfg = Release|Any CPU
		{2F618283-55F4-4379-BF0C-55E783BDF8FD}.Release|x86.Build.0 = Release|Any CPU
		{41B37C83-159E-45B1-862D-2F0E0AD5DD06}.Debug|Any CPU.ActiveCfg = Debug|Any CPU
		{41B37C83-159E-45B1-862D-2F0E0AD5DD06}.Debug|Any CPU.Build.0 = Debug|Any CPU
		{41B37C83-159E-45B1-862D-2F0E0AD5DD06}.Debug|x64.ActiveCfg = Debug|Any CPU
		{41B37C83-159E-45B1-862D-2F0E0AD5DD06}.Debug|x64.Build.0 = Debug|Any CPU
		{41B37C83-159E-45B1-862D-2F0E0AD5DD06}.Debug|x86.ActiveCfg = Debug|Any CPU
		{41B37C83-159E-45B1-862D-2F0E0AD5DD06}.Debug|x86.Build.0 = Debug|Any CPU
		{41B37C83-159E-45B1-862D-2F0E0AD5DD06}.Release|Any CPU.ActiveCfg = Release|Any CPU
		{41B37C83-159E-45B1-862D-2F0E0AD5DD06}.Release|Any CPU.Build.0 = Release|Any CPU
		{41B37C83-159E-45B1-862D-2F0E0AD5DD06}.Release|x64.ActiveCfg = Release|Any CPU
		{41B37C83-159E-45B1-862D-2F0E0AD5DD06}.Release|x64.Build.0 = Release|Any CPU
		{41B37C83-159E-45B1-862D-2F0E0AD5DD06}.Release|x86.ActiveCfg = Release|Any CPU
		{41B37C83-159E-45B1-862D-2F0E0AD5DD06}.Release|x86.Build.0 = Release|Any CPU
		{C13B8CCE-BCC8-425D-A6F3-57761C46F859}.Debug|Any CPU.ActiveCfg = Debug|Any CPU
		{C13B8CCE-BCC8-425D-A6F3-57761C46F859}.Debug|Any CPU.Build.0 = Debug|Any CPU
		{C13B8CCE-BCC8-425D-A6F3-57761C46F859}.Debug|x64.ActiveCfg = Debug|Any CPU
		{C13B8CCE-BCC8-425D-A6F3-57761C46F859}.Debug|x64.Build.0 = Debug|Any CPU
		{C13B8CCE-BCC8-425D-A6F3-57761C46F859}.Debug|x86.ActiveCfg = Debug|Any CPU
		{C13B8CCE-BCC8-425D-A6F3-57761C46F859}.Debug|x86.Build.0 = Debug|Any CPU
		{C13B8CCE-BCC8-425D-A6F3-57761C46F859}.Release|Any CPU.ActiveCfg = Release|Any CPU
		{C13B8CCE-BCC8-425D-A6F3-57761C46F859}.Release|Any CPU.Build.0 = Release|Any CPU
		{C13B8CCE-BCC8-425D-A6F3-57761C46F859}.Release|x64.ActiveCfg = Release|Any CPU
		{C13B8CCE-BCC8-425D-A6F3-57761C46F859}.Release|x64.Build.0 = Release|Any CPU
		{C13B8CCE-BCC8-425D-A6F3-57761C46F859}.Release|x86.ActiveCfg = Release|Any CPU
		{C13B8CCE-BCC8-425D-A6F3-57761C46F859}.Release|x86.Build.0 = Release|Any CPU
		{C3BB1398-1648-465F-99B8-07EAE318B1DB}.Debug|Any CPU.ActiveCfg = Debug|Any CPU
		{C3BB1398-1648-465F-99B8-07EAE318B1DB}.Debug|Any CPU.Build.0 = Debug|Any CPU
		{C3BB1398-1648-465F-99B8-07EAE318B1DB}.Debug|x64.ActiveCfg = Debug|Any CPU
		{C3BB1398-1648-465F-99B8-07EAE318B1DB}.Debug|x64.Build.0 = Debug|Any CPU
		{C3BB1398-1648-465F-99B8-07EAE318B1DB}.Debug|x86.ActiveCfg = Debug|Any CPU
		{C3BB1398-1648-465F-99B8-07EAE318B1DB}.Debug|x86.Build.0 = Debug|Any CPU
		{C3BB1398-1648-465F-99B8-07EAE318B1DB}.Release|Any CPU.ActiveCfg = Release|Any CPU
		{C3BB1398-1648-465F-99B8-07EAE318B1DB}.Release|Any CPU.Build.0 = Release|Any CPU
		{C3BB1398-1648-465F-99B8-07EAE318B1DB}.Release|x64.ActiveCfg = Release|Any CPU
		{C3BB1398-1648-465F-99B8-07EAE318B1DB}.Release|x64.Build.0 = Release|Any CPU
		{C3BB1398-1648-465F-99B8-07EAE318B1DB}.Release|x86.ActiveCfg = Release|Any CPU
		{C3BB1398-1648-465F-99B8-07EAE318B1DB}.Release|x86.Build.0 = Release|Any CPU
		{86244958-2E18-49D5-8A21-5096AAEBE664}.Debug|Any CPU.ActiveCfg = Debug|Any CPU
		{86244958-2E18-49D5-8A21-5096AAEBE664}.Debug|Any CPU.Build.0 = Debug|Any CPU
		{86244958-2E18-49D5-8A21-5096AAEBE664}.Debug|x64.ActiveCfg = Debug|Any CPU
		{86244958-2E18-49D5-8A21-5096AAEBE664}.Debug|x64.Build.0 = Debug|Any CPU
		{86244958-2E18-49D5-8A21-5096AAEBE664}.Debug|x86.ActiveCfg = Debug|Any CPU
		{86244958-2E18-49D5-8A21-5096AAEBE664}.Debug|x86.Build.0 = Debug|Any CPU
		{86244958-2E18-49D5-8A21-5096AAEBE664}.Release|Any CPU.ActiveCfg = Release|Any CPU
		{86244958-2E18-49D5-8A21-5096AAEBE664}.Release|Any CPU.Build.0 = Release|Any CPU
		{86244958-2E18-49D5-8A21-5096AAEBE664}.Release|x64.ActiveCfg = Release|Any CPU
		{86244958-2E18-49D5-8A21-5096AAEBE664}.Release|x64.Build.0 = Release|Any CPU
		{86244958-2E18-49D5-8A21-5096AAEBE664}.Release|x86.ActiveCfg = Release|Any CPU
		{86244958-2E18-49D5-8A21-5096AAEBE664}.Release|x86.Build.0 = Release|Any CPU
		{7EDF329B-26DF-4907-B6AA-CDDB363A6B13}.Debug|Any CPU.ActiveCfg = Debug|Any CPU
		{7EDF329B-26DF-4907-B6AA-CDDB363A6B13}.Debug|Any CPU.Build.0 = Debug|Any CPU
		{7EDF329B-26DF-4907-B6AA-CDDB363A6B13}.Debug|x64.ActiveCfg = Debug|Any CPU
		{7EDF329B-26DF-4907-B6AA-CDDB363A6B13}.Debug|x64.Build.0 = Debug|Any CPU
		{7EDF329B-26DF-4907-B6AA-CDDB363A6B13}.Debug|x86.ActiveCfg = Debug|Any CPU
		{7EDF329B-26DF-4907-B6AA-CDDB363A6B13}.Debug|x86.Build.0 = Debug|Any CPU
		{7EDF329B-26DF-4907-B6AA-CDDB363A6B13}.Release|Any CPU.ActiveCfg = Release|Any CPU
		{7EDF329B-26DF-4907-B6AA-CDDB363A6B13}.Release|Any CPU.Build.0 = Release|Any CPU
		{7EDF329B-26DF-4907-B6AA-CDDB363A6B13}.Release|x64.ActiveCfg = Release|Any CPU
		{7EDF329B-26DF-4907-B6AA-CDDB363A6B13}.Release|x64.Build.0 = Release|Any CPU
		{7EDF329B-26DF-4907-B6AA-CDDB363A6B13}.Release|x86.ActiveCfg = Release|Any CPU
		{7EDF329B-26DF-4907-B6AA-CDDB363A6B13}.Release|x86.Build.0 = Release|Any CPU
		{A572E754-BDA4-4CC5-9F61-521882CE3E6B}.Debug|Any CPU.ActiveCfg = Debug|Any CPU
		{A572E754-BDA4-4CC5-9F61-521882CE3E6B}.Debug|Any CPU.Build.0 = Debug|Any CPU
		{A572E754-BDA4-4CC5-9F61-521882CE3E6B}.Debug|x64.ActiveCfg = Debug|Any CPU
		{A572E754-BDA4-4CC5-9F61-521882CE3E6B}.Debug|x64.Build.0 = Debug|Any CPU
		{A572E754-BDA4-4CC5-9F61-521882CE3E6B}.Debug|x86.ActiveCfg = Debug|Any CPU
		{A572E754-BDA4-4CC5-9F61-521882CE3E6B}.Debug|x86.Build.0 = Debug|Any CPU
		{A572E754-BDA4-4CC5-9F61-521882CE3E6B}.Release|Any CPU.ActiveCfg = Release|Any CPU
		{A572E754-BDA4-4CC5-9F61-521882CE3E6B}.Release|Any CPU.Build.0 = Release|Any CPU
		{A572E754-BDA4-4CC5-9F61-521882CE3E6B}.Release|x64.ActiveCfg = Release|Any CPU
		{A572E754-BDA4-4CC5-9F61-521882CE3E6B}.Release|x64.Build.0 = Release|Any CPU
		{A572E754-BDA4-4CC5-9F61-521882CE3E6B}.Release|x86.ActiveCfg = Release|Any CPU
		{A572E754-BDA4-4CC5-9F61-521882CE3E6B}.Release|x86.Build.0 = Release|Any CPU
		{81DDED9D-158B-E303-5F62-77A2896D2A5A}.Debug|Any CPU.ActiveCfg = Debug|Any CPU
		{81DDED9D-158B-E303-5F62-77A2896D2A5A}.Debug|Any CPU.Build.0 = Debug|Any CPU
		{81DDED9D-158B-E303-5F62-77A2896D2A5A}.Debug|x64.ActiveCfg = Debug|Any CPU
		{81DDED9D-158B-E303-5F62-77A2896D2A5A}.Debug|x64.Build.0 = Debug|Any CPU
		{81DDED9D-158B-E303-5F62-77A2896D2A5A}.Debug|x86.ActiveCfg = Debug|Any CPU
		{81DDED9D-158B-E303-5F62-77A2896D2A5A}.Debug|x86.Build.0 = Debug|Any CPU
		{81DDED9D-158B-E303-5F62-77A2896D2A5A}.Release|Any CPU.ActiveCfg = Release|Any CPU
		{81DDED9D-158B-E303-5F62-77A2896D2A5A}.Release|Any CPU.Build.0 = Release|Any CPU
		{81DDED9D-158B-E303-5F62-77A2896D2A5A}.Release|x64.ActiveCfg = Release|Any CPU
		{81DDED9D-158B-E303-5F62-77A2896D2A5A}.Release|x64.Build.0 = Release|Any CPU
		{81DDED9D-158B-E303-5F62-77A2896D2A5A}.Release|x86.ActiveCfg = Release|Any CPU
		{81DDED9D-158B-E303-5F62-77A2896D2A5A}.Release|x86.Build.0 = Release|Any CPU
		{7923794D-0B48-4E2B-998B-724FFBA08EBB}.Debug|Any CPU.ActiveCfg = Debug|Any CPU
		{7923794D-0B48-4E2B-998B-724FFBA08EBB}.Debug|Any CPU.Build.0 = Debug|Any CPU
		{7923794D-0B48-4E2B-998B-724FFBA08EBB}.Debug|x64.ActiveCfg = Debug|Any CPU
		{7923794D-0B48-4E2B-998B-724FFBA08EBB}.Debug|x64.Build.0 = Debug|Any CPU
		{7923794D-0B48-4E2B-998B-724FFBA08EBB}.Debug|x86.ActiveCfg = Debug|Any CPU
		{7923794D-0B48-4E2B-998B-724FFBA08EBB}.Debug|x86.Build.0 = Debug|Any CPU
		{7923794D-0B48-4E2B-998B-724FFBA08EBB}.Release|Any CPU.ActiveCfg = Release|Any CPU
		{7923794D-0B48-4E2B-998B-724FFBA08EBB}.Release|Any CPU.Build.0 = Release|Any CPU
		{7923794D-0B48-4E2B-998B-724FFBA08EBB}.Release|x64.ActiveCfg = Release|Any CPU
		{7923794D-0B48-4E2B-998B-724FFBA08EBB}.Release|x64.Build.0 = Release|Any CPU
		{7923794D-0B48-4E2B-998B-724FFBA08EBB}.Release|x86.ActiveCfg = Release|Any CPU
		{7923794D-0B48-4E2B-998B-724FFBA08EBB}.Release|x86.Build.0 = Release|Any CPU
		{B27B6C9A-5326-4E9A-9D70-D185D65483F2}.Debug|Any CPU.ActiveCfg = Debug|Any CPU
		{B27B6C9A-5326-4E9A-9D70-D185D65483F2}.Debug|Any CPU.Build.0 = Debug|Any CPU
		{B27B6C9A-5326-4E9A-9D70-D185D65483F2}.Debug|x64.ActiveCfg = Debug|Any CPU
		{B27B6C9A-5326-4E9A-9D70-D185D65483F2}.Debug|x64.Build.0 = Debug|Any CPU
		{B27B6C9A-5326-4E9A-9D70-D185D65483F2}.Debug|x86.ActiveCfg = Debug|Any CPU
		{B27B6C9A-5326-4E9A-9D70-D185D65483F2}.Debug|x86.Build.0 = Debug|Any CPU
		{B27B6C9A-5326-4E9A-9D70-D185D65483F2}.Release|Any CPU.ActiveCfg = Release|Any CPU
		{B27B6C9A-5326-4E9A-9D70-D185D65483F2}.Release|Any CPU.Build.0 = Release|Any CPU
		{B27B6C9A-5326-4E9A-9D70-D185D65483F2}.Release|x64.ActiveCfg = Release|Any CPU
		{B27B6C9A-5326-4E9A-9D70-D185D65483F2}.Release|x64.Build.0 = Release|Any CPU
		{B27B6C9A-5326-4E9A-9D70-D185D65483F2}.Release|x86.ActiveCfg = Release|Any CPU
		{B27B6C9A-5326-4E9A-9D70-D185D65483F2}.Release|x86.Build.0 = Release|Any CPU
		{B538E4F3-1D10-4844-866C-867BF4FFB0C4}.Debug|Any CPU.ActiveCfg = Debug|Any CPU
		{B538E4F3-1D10-4844-866C-867BF4FFB0C4}.Debug|Any CPU.Build.0 = Debug|Any CPU
		{B538E4F3-1D10-4844-866C-867BF4FFB0C4}.Debug|x64.ActiveCfg = Debug|Any CPU
		{B538E4F3-1D10-4844-866C-867BF4FFB0C4}.Debug|x64.Build.0 = Debug|Any CPU
		{B538E4F3-1D10-4844-866C-867BF4FFB0C4}.Debug|x86.ActiveCfg = Debug|Any CPU
		{B538E4F3-1D10-4844-866C-867BF4FFB0C4}.Debug|x86.Build.0 = Debug|Any CPU
		{B538E4F3-1D10-4844-866C-867BF4FFB0C4}.Release|Any CPU.ActiveCfg = Release|Any CPU
		{B538E4F3-1D10-4844-866C-867BF4FFB0C4}.Release|Any CPU.Build.0 = Release|Any CPU
		{B538E4F3-1D10-4844-866C-867BF4FFB0C4}.Release|x64.ActiveCfg = Release|Any CPU
		{B538E4F3-1D10-4844-866C-867BF4FFB0C4}.Release|x64.Build.0 = Release|Any CPU
		{B538E4F3-1D10-4844-866C-867BF4FFB0C4}.Release|x86.ActiveCfg = Release|Any CPU
		{B538E4F3-1D10-4844-866C-867BF4FFB0C4}.Release|x86.Build.0 = Release|Any CPU
		{64BB76ED-E603-452A-A1E0-0066DC3A744A}.Debug|Any CPU.ActiveCfg = Debug|Any CPU
		{64BB76ED-E603-452A-A1E0-0066DC3A744A}.Debug|Any CPU.Build.0 = Debug|Any CPU
		{64BB76ED-E603-452A-A1E0-0066DC3A744A}.Debug|x64.ActiveCfg = Debug|Any CPU
		{64BB76ED-E603-452A-A1E0-0066DC3A744A}.Debug|x64.Build.0 = Debug|Any CPU
		{64BB76ED-E603-452A-A1E0-0066DC3A744A}.Debug|x86.ActiveCfg = Debug|Any CPU
		{64BB76ED-E603-452A-A1E0-0066DC3A744A}.Debug|x86.Build.0 = Debug|Any CPU
		{64BB76ED-E603-452A-A1E0-0066DC3A744A}.Release|Any CPU.ActiveCfg = Release|Any CPU
		{64BB76ED-E603-452A-A1E0-0066DC3A744A}.Release|Any CPU.Build.0 = Release|Any CPU
		{64BB76ED-E603-452A-A1E0-0066DC3A744A}.Release|x64.ActiveCfg = Release|Any CPU
		{64BB76ED-E603-452A-A1E0-0066DC3A744A}.Release|x64.Build.0 = Release|Any CPU
		{64BB76ED-E603-452A-A1E0-0066DC3A744A}.Release|x86.ActiveCfg = Release|Any CPU
		{64BB76ED-E603-452A-A1E0-0066DC3A744A}.Release|x86.Build.0 = Release|Any CPU
		{6D3941B9-58C2-4B71-B639-132403E4D854}.Debug|Any CPU.ActiveCfg = Debug|Any CPU
		{6D3941B9-58C2-4B71-B639-132403E4D854}.Debug|Any CPU.Build.0 = Debug|Any CPU
		{6D3941B9-58C2-4B71-B639-132403E4D854}.Debug|x64.ActiveCfg = Debug|Any CPU
		{6D3941B9-58C2-4B71-B639-132403E4D854}.Debug|x64.Build.0 = Debug|Any CPU
		{6D3941B9-58C2-4B71-B639-132403E4D854}.Debug|x86.ActiveCfg = Debug|Any CPU
		{6D3941B9-58C2-4B71-B639-132403E4D854}.Debug|x86.Build.0 = Debug|Any CPU
		{6D3941B9-58C2-4B71-B639-132403E4D854}.Release|Any CPU.ActiveCfg = Release|Any CPU
		{6D3941B9-58C2-4B71-B639-132403E4D854}.Release|Any CPU.Build.0 = Release|Any CPU
		{6D3941B9-58C2-4B71-B639-132403E4D854}.Release|x64.ActiveCfg = Release|Any CPU
		{6D3941B9-58C2-4B71-B639-132403E4D854}.Release|x64.Build.0 = Release|Any CPU
		{6D3941B9-58C2-4B71-B639-132403E4D854}.Release|x86.ActiveCfg = Release|Any CPU
		{6D3941B9-58C2-4B71-B639-132403E4D854}.Release|x86.Build.0 = Release|Any CPU
		{3F1A9B38-205C-FCDA-D7CA-985433341430}.Debug|Any CPU.ActiveCfg = Debug|Any CPU
		{3F1A9B38-205C-FCDA-D7CA-985433341430}.Debug|Any CPU.Build.0 = Debug|Any CPU
		{3F1A9B38-205C-FCDA-D7CA-985433341430}.Debug|x64.ActiveCfg = Debug|Any CPU
		{3F1A9B38-205C-FCDA-D7CA-985433341430}.Debug|x64.Build.0 = Debug|Any CPU
		{3F1A9B38-205C-FCDA-D7CA-985433341430}.Debug|x86.ActiveCfg = Debug|Any CPU
		{3F1A9B38-205C-FCDA-D7CA-985433341430}.Debug|x86.Build.0 = Debug|Any CPU
		{3F1A9B38-205C-FCDA-D7CA-985433341430}.Release|Any CPU.ActiveCfg = Release|Any CPU
		{3F1A9B38-205C-FCDA-D7CA-985433341430}.Release|Any CPU.Build.0 = Release|Any CPU
		{3F1A9B38-205C-FCDA-D7CA-985433341430}.Release|x64.ActiveCfg = Release|Any CPU
		{3F1A9B38-205C-FCDA-D7CA-985433341430}.Release|x64.Build.0 = Release|Any CPU
		{3F1A9B38-205C-FCDA-D7CA-985433341430}.Release|x86.ActiveCfg = Release|Any CPU
		{3F1A9B38-205C-FCDA-D7CA-985433341430}.Release|x86.Build.0 = Release|Any CPU
	EndGlobalSection
	GlobalSection(SolutionProperties) = preSolution
		HideSolutionNode = FALSE
	EndGlobalSection
	GlobalSection(NestedProjects) = preSolution
		{C291DF7D-85FC-1711-9EF4-8D79098A3FAA} = {02EA681E-C7D8-13C7-8484-4AC65E1B71E8}
		{CCED550A-4EA2-4099-B6E5-A32B213CCC6C} = {C291DF7D-85FC-1711-9EF4-8D79098A3FAA}
		{59CE971B-80BF-4DA3-94A1-5127EACE7690} = {D23F1BE6-C0B5-4BC4-93EB-8AA27D91E51B}
		{3544550B-E55B-43B3-8A00-F4BE9F65AC02} = {C291DF7D-85FC-1711-9EF4-8D79098A3FAA}
		{2F618283-55F4-4379-BF0C-55E783BDF8FD} = {C291DF7D-85FC-1711-9EF4-8D79098A3FAA}
		{41B37C83-159E-45B1-862D-2F0E0AD5DD06} = {C291DF7D-85FC-1711-9EF4-8D79098A3FAA}
		{C13B8CCE-BCC8-425D-A6F3-57761C46F859} = {C291DF7D-85FC-1711-9EF4-8D79098A3FAA}
		{C3BB1398-1648-465F-99B8-07EAE318B1DB} = {B5708719-DF05-483E-8404-14AF46F2D187}
		{0BE8E1F0-CA5C-47A1-8FF7-83B86EDA92BD} = {02EA681E-C7D8-13C7-8484-4AC65E1B71E8}
		{86244958-2E18-49D5-8A21-5096AAEBE664} = {0BE8E1F0-CA5C-47A1-8FF7-83B86EDA92BD}
		{7EDF329B-26DF-4907-B6AA-CDDB363A6B13} = {0BE8E1F0-CA5C-47A1-8FF7-83B86EDA92BD}
		{A572E754-BDA4-4CC5-9F61-521882CE3E6B} = {0BE8E1F0-CA5C-47A1-8FF7-83B86EDA92BD}
		{7923794D-0B48-4E2B-998B-724FFBA08EBB} = {0BE8E1F0-CA5C-47A1-8FF7-83B86EDA92BD}
		{AE98B585-5259-4621-B083-92DC8CD3C1D4} = {02EA681E-C7D8-13C7-8484-4AC65E1B71E8}
		{B27B6C9A-5326-4E9A-9D70-D185D65483F2} = {AE98B585-5259-4621-B083-92DC8CD3C1D4}
		{B538E4F3-1D10-4844-866C-867BF4FFB0C4} = {AE98B585-5259-4621-B083-92DC8CD3C1D4}
		{761D2663-929F-406B-8FA2-03CA450B09B0} = {02EA681E-C7D8-13C7-8484-4AC65E1B71E8}
		{64BB76ED-E603-452A-A1E0-0066DC3A744A} = {761D2663-929F-406B-8FA2-03CA450B09B0}
		{6D3941B9-58C2-4B71-B639-132403E4D854} = {0BE8E1F0-CA5C-47A1-8FF7-83B86EDA92BD}
		{3F1A9B38-205C-FCDA-D7CA-985433341430} = {0BE8E1F0-CA5C-47A1-8FF7-83B86EDA92BD}
	EndGlobalSection
	GlobalSection(ExtensibilityGlobals) = postSolution
		SolutionGuid = {370273B8-38D7-4273-8121-CB3D639B8F66}
	EndGlobalSection
EndGlobal
